
Microsoft Visual Studio Solution File, Format Version 12.00
# Visual Studio Version 17
VisualStudioVersion = 17.2.32616.157
MinimumVisualStudioVersion = 10.0.40219.1
Project("{FAE04EC0-301F-11D3-BF4B-00C04F79EFBC}") = "[algorytm 7] Sumy podzbiorow", "[algorytm 7] Sumy podzbiorow\[algorytm 7] Sumy podzbiorow.csproj", "{66B75FCF-BC79-45BF-AF2A-494F3A67D538}"
EndProject
Global
	GlobalSection(SolutionConfigurationPlatforms) = preSolution
		Debug|Any CPU = Debug|Any CPU
		Release|Any CPU = Release|Any CPU
	EndGlobalSection
	GlobalSection(ProjectConfigurationPlatforms) = postSolution
		{66B75FCF-BC79-45BF-AF2A-494F3A67D538}.Debug|Any CPU.ActiveCfg = Debug|Any CPU
		{66B75FCF-BC79-45BF-AF2A-494F3A67D538}.Debug|Any CPU.Build.0 = Debug|Any CPU
		{66B75FCF-BC79-45BF-AF2A-494F3A67D538}.Release|Any CPU.ActiveCfg = Release|Any CPU
		{66B75FCF-BC79-45BF-AF2A-494F3A67D538}.Release|Any CPU.Build.0 = Release|Any CPU
	EndGlobalSection
	GlobalSection(SolutionProperties) = preSolution
		HideSolutionNode = FALSE
	EndGlobalSection
	GlobalSection(ExtensibilityGlobals) = postSolution
		SolutionGuid = {76F7700C-0692-48E9-A539-69FDFDB59005}
	EndGlobalSection
EndGlobal
